{
  "name": "@nortic/newsletter-form",
  "version": "0.0.44",
  "lockfileVersion": 3,
  "requires": true,
  "packages": {
    "": {
      "name": "@nortic/newsletter-form",
      "version": "0.0.44",
      "license": "MIT",
      "devDependencies": {
        "@playwright/test": "^1.41.0",
        "@swc/core": "^1.3.102",
        "@types/node": "^20.11.5",
        "autoprefixer": "^10.4.16",
        "postcss": "^8.4.33",
        "postcss-nested": "^6.0.1",
        "tsup": "^8.0.1",
        "vite": "^5.0.8"
      }
    },
    "../../node_modules/.pnpm/@swc+core@1.3.103/node_modules/@swc/core": {
      "version": "1.3.103",
      "dev": true,
      "hasInstallScript": true,
      "license": "Apache-2.0",
      "dependencies": {
        "@swc/counter": "^0.1.1",
        "@swc/types": "^0.1.5"
      },
      "devDependencies": {
        "@babel/compat-data": "^7.23.2",
        "@babel/core": "^7.13.16",
        "@babel/generator": "^7.18.13",
        "@babel/plugin-proposal-class-properties": "^7.13.0",
        "@babel/plugin-proposal-decorators": "^7.13.15",
        "@babel/plugin-proposal-object-rest-spread": "^7.13.8",
        "@babel/preset-env": "^7.13.15",
        "@babel/preset-react": "^7.13.13",
        "@babel/preset-typescript": "^7.13.0",
        "@babel/types": "^7.14.0",
        "@napi-rs/cli": "^3.0.0-alpha.22",
        "@swc/core": "=1.2.220",
        "@swc/helpers": "^0.5.0",
        "@swc/plugin-jest": "latest",
        "@taplo/cli": "^0.5.2",
        "@types/jest": "^29.5.11",
        "@types/node": "^20.5.0",
        "@types/terser": "^3.12.0",
        "acorn": "^8.6.0",
        "acorn-jsx": "^5.3.2",
        "axios": "^0.21.1",
        "babel-plugin-transform-node-env-inline": "^0.4.3",
        "benchmark": "^2.1.4",
        "bootstrap": "^5.2.1",
        "class-validator": "^0.13.1",
        "core-js": "^2.6.11",
        "core-js-compat": "^3.33.1",
        "cross-env": "^7.0.3",
        "cspell": "^5.12.3",
        "expect": "^27.4.2",
        "glob": "^8.0.3",
        "husky": "^7.0.2",
        "jest": "^29.7.0",
        "js-beautify": "^1.14.3",
        "lint-staged": "^12.3.6",
        "lodash": "^4.17.21",
        "mocha": "^9.1.3",
        "npm-run-all": "^4.1.5",
        "prettier": "^2.6.2",
        "progress": "^2.0.3",
        "prop-types": "^15.7.2",
        "react": "^17.0.2",
        "reflect-metadata": "^0.1.13",
        "regenerator-runtime": "^0.13.9",
        "source-map": "^0.7.3",
        "source-map-support": "^0.5.19",
        "sourcemap-validator": "^2.1.0",
        "swc-plugin-coverage-instrument": "^0.0.12",
        "terser": "^5.7.1",
        "ts-node": "^10.5.0",
        "typescript": "^5.3.3"
      },
      "engines": {
        "node": ">=10"
      },
      "funding": {
        "type": "opencollective",
        "url": "https://opencollective.com/swc"
      },
      "optionalDependencies": {
        "@swc/core-darwin-arm64": "1.3.103",
        "@swc/core-darwin-x64": "1.3.103",
        "@swc/core-linux-arm-gnueabihf": "1.3.103",
        "@swc/core-linux-arm64-gnu": "1.3.103",
        "@swc/core-linux-arm64-musl": "1.3.103",
        "@swc/core-linux-x64-gnu": "1.3.103",
        "@swc/core-linux-x64-musl": "1.3.103",
        "@swc/core-win32-arm64-msvc": "1.3.103",
        "@swc/core-win32-ia32-msvc": "1.3.103",
        "@swc/core-win32-x64-msvc": "1.3.103"
      },
      "peerDependencies": {
        "@swc/helpers": "^0.5.0"
      },
      "peerDependenciesMeta": {
        "@swc/helpers": {
          "optional": true
        }
      }
    },
    "../../node_modules/.pnpm/autoprefixer@10.4.16_postcss@8.4.33/node_modules/autoprefixer": {
      "version": "10.4.16",
      "dev": true,
      "funding": [
        {
          "type": "opencollective",
          "url": "https://opencollective.com/postcss/"
        },
        {
          "type": "tidelift",
          "url": "https://tidelift.com/funding/github/npm/autoprefixer"
        },
        {
          "type": "github",
          "url": "https://github.com/sponsors/ai"
        }
      ],
      "license": "MIT",
      "dependencies": {
        "browserslist": "^4.21.10",
        "caniuse-lite": "^1.0.30001538",
        "fraction.js": "^4.3.6",
        "normalize-range": "^0.1.2",
        "picocolors": "^1.0.0",
        "postcss-value-parser": "^4.2.0"
      },
      "bin": {
        "autoprefixer": "bin/autoprefixer"
      },
      "engines": {
        "node": "^10 || ^12 || >=14"
      },
      "peerDependencies": {
        "postcss": "^8.1.0"
      }
    },
    "../../node_modules/.pnpm/postcss-nested@6.0.1_postcss@8.4.33/node_modules/postcss-nested": {
      "version": "6.0.1",
      "dev": true,
      "license": "MIT",
      "dependencies": {
        "postcss-selector-parser": "^6.0.11"
      },
      "engines": {
        "node": ">=12.0"
      },
      "funding": {
        "type": "opencollective",
        "url": "https://opencollective.com/postcss/"
      },
      "peerDependencies": {
        "postcss": "^8.2.14"
      }
    },
    "../../node_modules/.pnpm/postcss@8.4.33/node_modules/postcss": {
      "version": "8.4.33",
      "dev": true,
      "funding": [
        {
          "type": "opencollective",
          "url": "https://opencollective.com/postcss/"
        },
        {
          "type": "tidelift",
          "url": "https://tidelift.com/funding/github/npm/postcss"
        },
        {
          "type": "github",
          "url": "https://github.com/sponsors/ai"
        }
      ],
      "license": "MIT",
      "dependencies": {
        "nanoid": "^3.3.7",
        "picocolors": "^1.0.0",
        "source-map-js": "^1.0.2"
      },
      "engines": {
        "node": "^10 || ^12 || >=14"
      }
    },
    "../../node_modules/.pnpm/tsup@8.0.1_@swc+core@1.3.103_postcss@8.4.33_typescript@5.3.3/node_modules/tsup": {
      "version": "8.0.1",
      "dev": true,
      "license": "MIT",
      "dependencies": {
        "bundle-require": "^4.0.0",
        "cac": "^6.7.12",
        "chokidar": "^3.5.1",
        "debug": "^4.3.1",
        "esbuild": "^0.19.2",
        "execa": "^5.0.0",
        "globby": "^11.0.3",
        "joycon": "^3.0.1",
        "postcss-load-config": "^4.0.1",
        "resolve-from": "^5.0.0",
        "rollup": "^4.0.2",
        "source-map": "0.8.0-beta.0",
        "sucrase": "^3.20.3",
        "tree-kill": "^1.2.2"
      },
      "bin": {
        "tsup": "dist/cli-default.js",
        "tsup-node": "dist/cli-node.js"
      },
      "devDependencies": {
        "@microsoft/api-extractor": "^7.38.3",
        "@rollup/plugin-json": "6.0.1",
        "@swc/core": "1.2.218",
        "@types/debug": "4.1.7",
        "@types/flat": "5.0.2",
        "@types/fs-extra": "9.0.13",
        "@types/node": "14.18.12",
        "@types/resolve": "1.20.1",
        "colorette": "2.0.16",
        "consola": "2.15.3",
        "flat": "5.0.2",
        "fs-extra": "10.0.0",
        "postcss": "8.4.12",
        "postcss-simple-vars": "6.0.3",
        "prettier": "2.5.1",
        "resolve": "1.20.0",
        "rollup-plugin-dts": "6.1.0",
        "sass": "1.62.1",
        "strip-json-comments": "4.0.0",
        "svelte": "3.46.4",
        "svelte-preprocess": "5.0.3",
        "terser": "^5.16.0",
        "ts-essentials": "9.1.2",
        "tsconfig-paths": "3.12.0",
        "tsup": "7.1.0",
        "typescript": "5.0.2",
        "vitest": "0.28.4",
        "wait-for-expect": "3.0.2"
      },
      "engines": {
        "node": ">=18"
      },
      "peerDependencies": {
        "@microsoft/api-extractor": "^7.36.0",
        "@swc/core": "^1",
        "postcss": "^8.4.12",
        "typescript": ">=4.5.0"
      },
      "peerDependenciesMeta": {
        "@microsoft/api-extractor": {
          "optional": true
        },
        "@swc/core": {
          "optional": true
        },
        "postcss": {
          "optional": true
        },
        "typescript": {
          "optional": true
        }
      }
    },
    "../../node_modules/.pnpm/vite@5.0.11_@types+node@20.11.4/node_modules/vite": {
      "version": "5.0.11",
      "dev": true,
      "license": "MIT",
      "dependencies": {
        "esbuild": "^0.19.3",
        "postcss": "^8.4.32",
        "rollup": "^4.2.0"
      },
      "bin": {
        "vite": "bin/vite.js"
      },
      "devDependencies": {
        "@ampproject/remapping": "^2.2.1",
        "@babel/parser": "^7.23.6",
        "@jridgewell/trace-mapping": "^0.3.20",
        "@rollup/plugin-alias": "^5.1.0",
        "@rollup/plugin-commonjs": "^25.0.7",
        "@rollup/plugin-dynamic-import-vars": "^2.1.2",
        "@rollup/plugin-json": "^6.0.1",
        "@rollup/plugin-node-resolve": "15.2.3",
        "@rollup/plugin-typescript": "^11.1.5",
        "@rollup/pluginutils": "^5.1.0",
        "@types/escape-html": "^1.0.4",
        "@types/pnpapi": "^0.0.5",
        "acorn": "^8.11.2",
        "acorn-walk": "^8.3.1",
        "cac": "^6.7.14",
        "chokidar": "^3.5.3",
        "connect": "^3.7.0",
        "convert-source-map": "^2.0.0",
        "cors": "^2.8.5",
        "cross-spawn": "^7.0.3",
        "debug": "^4.3.4",
        "dep-types": "link:./src/types",
        "dotenv": "^16.3.1",
        "dotenv-expand": "^10.0.0",
        "es-module-lexer": "^1.4.1",
        "escape-html": "^1.0.3",
        "estree-walker": "^3.0.3",
        "etag": "^1.8.1",
        "fast-glob": "^3.3.2",
        "http-proxy": "^1.18.1",
        "json-stable-stringify": "^1.1.0",
        "launch-editor-middleware": "^2.6.1",
        "lightningcss": "^1.22.1",
        "magic-string": "^0.30.5",
        "micromatch": "^4.0.5",
        "mlly": "^1.4.2",
        "mrmime": "^1.0.1",
        "okie": "^1.0.1",
        "open": "^8.4.2",
        "parse5": "^7.1.2",
        "periscopic": "^4.0.2",
        "picocolors": "^1.0.0",
        "picomatch": "^2.3.1",
        "postcss-import": "^15.1.0",
        "postcss-load-config": "^4.0.2",
        "postcss-modules": "^6.0.0",
        "resolve.exports": "^2.0.2",
        "rollup-plugin-dts": "^6.1.0",
        "rollup-plugin-license": "^3.2.0",
        "sirv": "^2.0.3",
        "source-map-support": "^0.5.21",
        "strip-ansi": "^7.1.0",
        "strip-literal": "^2.0.0",
        "tsconfck": "^3.0.0",
        "tslib": "^2.6.2",
        "types": "link:./types",
        "ufo": "^1.3.2",
        "ws": "^8.15.0"
      },
      "engines": {
        "node": "^18.0.0 || >=20.0.0"
      },
      "funding": {
        "url": "https://github.com/vitejs/vite?sponsor=1"
      },
      "optionalDependencies": {
        "fsevents": "~2.3.3"
      },
      "peerDependencies": {
        "@types/node": "^18.0.0 || >=20.0.0",
        "less": "*",
        "lightningcss": "^1.21.0",
        "sass": "*",
        "stylus": "*",
        "sugarss": "*",
        "terser": "^5.4.0"
      },
      "peerDependenciesMeta": {
        "@types/node": {
          "optional": true
        },
        "less": {
          "optional": true
        },
        "lightningcss": {
          "optional": true
        },
        "sass": {
          "optional": true
        },
        "stylus": {
          "optional": true
        },
        "sugarss": {
          "optional": true
        },
        "terser": {
          "optional": true
        }
      }
    },
    "node_modules/@playwright/test": {
      "version": "1.41.0",
      "resolved": "https://registry.npmjs.org/@playwright/test/-/test-1.41.0.tgz",
      "integrity": "sha512-Grvzj841THwtpBOrfiHOeYTJQxDRnKofMSzCiV8XeyLWu3o89qftQ4BCKfkziJhSUQRd0utKhrddtIsiraIwmw==",
      "dev": true,
      "dependencies": {
        "playwright": "1.41.0"
      },
      "bin": {
        "playwright": "cli.js"
      },
      "engines": {
        "node": ">=16"
      }
    },
    "node_modules/@swc/core": {
      "resolved": "../../node_modules/.pnpm/@swc+core@1.3.103/node_modules/@swc/core",
      "link": true
    },
    "node_modules/@types/node": {
      "version": "20.11.5",
      "resolved": "https://registry.npmjs.org/@types/node/-/node-20.11.5.tgz",
      "integrity": "sha512-g557vgQjUUfN76MZAN/dt1z3dzcUsimuysco0KeluHgrPdJXkP/XdAURgyO2W9fZWHRtRBiVKzKn8vyOAwlG+w==",
      "dev": true,
      "dependencies": {
        "undici-types": "~5.26.4"
      }
    },
    "node_modules/autoprefixer": {
      "resolved": "../../node_modules/.pnpm/autoprefixer@10.4.16_postcss@8.4.33/node_modules/autoprefixer",
      "link": true
    },
    "node_modules/fsevents": {
      "version": "2.3.2",
      "resolved": "https://registry.npmjs.org/fsevents/-/fsevents-2.3.2.tgz",
      "integrity": "sha512-xiqMQR4xAeHTuB9uWm+fFRcIOgKBMiOBP+eXiyT7jsgVCq1bkVygt00oASowB7EdtpOHaaPgKt812P9ab+DDKA==",
      "dev": true,
      "hasInstallScript": true,
      "optional": true,
      "os": [
        "darwin"
      ],
      "engines": {
        "node": "^8.16.0 || ^10.6.0 || >=11.0.0"
      }
    },
    "node_modules/playwright": {
      "version": "1.41.0",
      "resolved": "https://registry.npmjs.org/playwright/-/playwright-1.41.0.tgz",
      "integrity": "sha512-XOsfl5ZtAik/T9oek4V0jAypNlaCNzuKOwVhqhgYT3os6kH34PzbRb74F0VWcLYa5WFdnmxl7qyAHBXvPv7lqQ==",
      "dev": true,
      "dependencies": {
        "playwright-core": "1.41.0"
      },
      "bin": {
        "playwright": "cli.js"
      },
      "engines": {
        "node": ">=16"
      },
      "optionalDependencies": {
        "fsevents": "2.3.2"
      }
    },
    "node_modules/playwright-core": {
      "version": "1.41.0",
      "resolved": "https://registry.npmjs.org/playwright-core/-/playwright-core-1.41.0.tgz",
      "integrity": "sha512-UGKASUhXmvqm2Lxa1fNr8sFwAtqjpgBRr9jQ7XBI8Rn5uFiEowGUGwrruUQsVPIom4bk7Lt+oLGpXobnXzrBIw==",
      "dev": true,
      "bin": {
        "playwright-core": "cli.js"
      },
      "engines": {
        "node": ">=16"
      }
    },
    "node_modules/postcss": {
      "resolved": "../../node_modules/.pnpm/postcss@8.4.33/node_modules/postcss",
      "link": true
    },
    "node_modules/postcss-nested": {
      "resolved": "../../node_modules/.pnpm/postcss-nested@6.0.1_postcss@8.4.33/node_modules/postcss-nested",
      "link": true
    },
    "node_modules/tsup": {
      "resolved": "../../node_modules/.pnpm/tsup@8.0.1_@swc+core@1.3.103_postcss@8.4.33_typescript@5.3.3/node_modules/tsup",
      "link": true
    },
    "node_modules/undici-types": {
      "version": "5.26.5",
      "resolved": "https://registry.npmjs.org/undici-types/-/undici-types-5.26.5.tgz",
      "integrity": "sha512-JlCMO+ehdEIKqlFxk6IfVoAUVmgz7cU7zD/h9XZ0qzeosSHmUJVOzSQvvYSYWXkFXC+IfLKSIffhv0sVZup6pA==",
      "dev": true
    },
    "node_modules/vite": {
      "resolved": "../../node_modules/.pnpm/vite@5.0.11_@types+node@20.11.4/node_modules/vite",
      "link": true
    }
  }
}
